
Microsoft Visual Studio Solution File, Format Version 12.00
# Visual Studio Version 16
VisualStudioVersion = 16.0.32510.428
MinimumVisualStudioVersion = 10.0.40219.1
Project("{9A19103F-16F7-4668-BE54-9A1E7A4F7556}") = "App", "App\App.csproj", "{A33F0C04-BD73-4479-977A-C168E3BC2646}"
EndProject
Project("{9A19103F-16F7-4668-BE54-9A1E7A4F7556}") = "Logic", "Logic\Logic.csproj", "{8A63C258-07FD-45DC-BE10-45CE00A23811}"
EndProject
Project("{9A19103F-16F7-4668-BE54-9A1E7A4F7556}") = "Core", "Core\Core.csproj", "{60B3ECA7-B4E0-44D3-913D-B9C3D3B84C4A}"
EndProject
Project("{9A19103F-16F7-4668-BE54-9A1E7A4F7556}") = "ThirdParty", "ThirdParty\ThirdParty.csproj", "{19A11666-4891-4E73-B826-1B24D7A62080}"
EndProject
Global
	GlobalSection(SolutionConfigurationPlatforms) = preSolution
		Debug|Any CPU = Debug|Any CPU
		Release|Any CPU = Release|Any CPU
	EndGlobalSection
	GlobalSection(ProjectConfigurationPlatforms) = postSolution
		{A33F0C04-BD73-4479-977A-C168E3BC2646}.Debug|Any CPU.ActiveCfg = Debug|Any CPU
		{A33F0C04-BD73-4479-977A-C168E3BC2646}.Debug|Any CPU.Build.0 = Debug|Any CPU
		{A33F0C04-BD73-4479-977A-C168E3BC2646}.Release|Any CPU.ActiveCfg = Release|Any CPU
		{A33F0C04-BD73-4479-977A-C168E3BC2646}.Release|Any CPU.Build.0 = Release|Any CPU
		{8A63C258-07FD-45DC-BE10-45CE00A23811}.Debug|Any CPU.ActiveCfg = Debug|Any CPU
		{8A63C258-07FD-45DC-BE10-45CE00A23811}.Debug|Any CPU.Build.0 = Debug|Any CPU
		{8A63C258-07FD-45DC-BE10-45CE00A23811}.Release|Any CPU.ActiveCfg = Release|Any CPU
		{8A63C258-07FD-45DC-BE10-45CE00A23811}.Release|Any CPU.Build.0 = Release|Any CPU
		{60B3ECA7-B4E0-44D3-913D-B9C3D3B84C4A}.Debug|Any CPU.ActiveCfg = Debug|Any CPU
		{60B3ECA7-B4E0-44D3-913D-B9C3D3B84C4A}.Debug|Any CPU.Build.0 = Debug|Any CPU
		{60B3ECA7-B4E0-44D3-913D-B9C3D3B84C4A}.Release|Any CPU.ActiveCfg = Release|Any CPU
		{60B3ECA7-B4E0-44D3-913D-B9C3D3B84C4A}.Release|Any CPU.Build.0 = Release|Any CPU
		{19A11666-4891-4E73-B826-1B24D7A62080}.Debug|Any CPU.ActiveCfg = Debug|Any CPU
		{19A11666-4891-4E73-B826-1B24D7A62080}.Debug|Any CPU.Build.0 = Debug|Any CPU
		{19A11666-4891-4E73-B826-1B24D7A62080}.Release|Any CPU.ActiveCfg = Release|Any CPU
		{19A11666-4891-4E73-B826-1B24D7A62080}.Release|Any CPU.Build.0 = Release|Any CPU
	EndGlobalSection
	GlobalSection(SolutionProperties) = preSolution
		HideSolutionNode = FALSE
	EndGlobalSection
	GlobalSection(ExtensibilityGlobals) = postSolution
		SolutionGuid = {E7F9523B-C02B-421F-B28C-5DD2F11C2B45}
	EndGlobalSection
EndGlobal
